
Microsoft Visual Studio Solution File, Format Version 12.00
# Visual Studio Version 16
VisualStudioVersion = 16.0.31105.61
MinimumVisualStudioVersion = 10.0.40219.1
Project("{9A19103F-16F7-4668-BE54-9A1E7A4F7556}") = "InternetServices.Core", "DynobilV3.Core\InternetServices.Core.csproj", "{A421DF65-121C-46A0-81D9-5A08BC7E1EF6}"
EndProject
Project("{9A19103F-16F7-4668-BE54-9A1E7A4F7556}") = "InternetServices.Entities", "DynobilV3.Entities\InternetServices.Entities.csproj", "{59F79E38-8741-4573-A358-E86568353FC8}"
EndProject
Project("{9A19103F-16F7-4668-BE54-9A1E7A4F7556}") = "InternetServices.DataAccess", "DynobilV3.DataAccess\InternetServices.DataAccess.csproj", "{971203C3-8235-4495-AF3B-4520F24DA742}"
EndProject
Project("{9A19103F-16F7-4668-BE54-9A1E7A4F7556}") = "InternetServices.Business", "DynobilV3.Business\InternetServices.Business.csproj", "{C28FC915-4687-45B8-AE7B-957D1CF70A94}"
EndProject
Project("{9A19103F-16F7-4668-BE54-9A1E7A4F7556}") = "InternetServices.API", "DynobilV3.API\InternetServices.API.csproj", "{7C94D267-1B12-41A2-A7E0-3AB890428EF1}"
EndProject
Global
	GlobalSection(SolutionConfigurationPlatforms) = preSolution
		Debug|Any CPU = Debug|Any CPU
		Release|Any CPU = Release|Any CPU
	EndGlobalSection
	GlobalSection(ProjectConfigurationPlatforms) = postSolution
		{A421DF65-121C-46A0-81D9-5A08BC7E1EF6}.Debug|Any CPU.ActiveCfg = Debug|Any CPU
		{A421DF65-121C-46A0-81D9-5A08BC7E1EF6}.Debug|Any CPU.Build.0 = Debug|Any CPU
		{A421DF65-121C-46A0-81D9-5A08BC7E1EF6}.Release|Any CPU.ActiveCfg = Release|Any CPU
		{A421DF65-121C-46A0-81D9-5A08BC7E1EF6}.Release|Any CPU.Build.0 = Release|Any CPU
		{59F79E38-8741-4573-A358-E86568353FC8}.Debug|Any CPU.ActiveCfg = Debug|Any CPU
		{59F79E38-8741-4573-A358-E86568353FC8}.Debug|Any CPU.Build.0 = Debug|Any CPU
		{59F79E38-8741-4573-A358-E86568353FC8}.Release|Any CPU.ActiveCfg = Release|Any CPU
		{59F79E38-8741-4573-A358-E86568353FC8}.Release|Any CPU.Build.0 = Release|Any CPU
		{971203C3-8235-4495-AF3B-4520F24DA742}.Debug|Any CPU.ActiveCfg = Debug|Any CPU
		{971203C3-8235-4495-AF3B-4520F24DA742}.Debug|Any CPU.Build.0 = Debug|Any CPU
		{971203C3-8235-4495-AF3B-4520F24DA742}.Release|Any CPU.ActiveCfg = Release|Any CPU
		{971203C3-8235-4495-AF3B-4520F24DA742}.Release|Any CPU.Build.0 = Release|Any CPU
		{C28FC915-4687-45B8-AE7B-957D1CF70A94}.Debug|Any CPU.ActiveCfg = Debug|Any CPU
		{C28FC915-4687-45B8-AE7B-957D1CF70A94}.Debug|Any CPU.Build.0 = Debug|Any CPU
		{C28FC915-4687-45B8-AE7B-957D1CF70A94}.Release|Any CPU.ActiveCfg = Release|Any CPU
		{C28FC915-4687-45B8-AE7B-957D1CF70A94}.Release|Any CPU.Build.0 = Release|Any CPU
		{7C94D267-1B12-41A2-A7E0-3AB890428EF1}.Debug|Any CPU.ActiveCfg = Debug|Any CPU
		{7C94D267-1B12-41A2-A7E0-3AB890428EF1}.Debug|Any CPU.Build.0 = Debug|Any CPU
		{7C94D267-1B12-41A2-A7E0-3AB890428EF1}.Release|Any CPU.ActiveCfg = Release|Any CPU
		{7C94D267-1B12-41A2-A7E0-3AB890428EF1}.Release|Any CPU.Build.0 = Release|Any CPU
	EndGlobalSection
	GlobalSection(SolutionProperties) = preSolution
		HideSolutionNode = FALSE
	EndGlobalSection
	GlobalSection(ExtensibilityGlobals) = postSolution
		SolutionGuid = {19DE7AEC-3FD4-4759-83D6-2E56006A63AA}
	EndGlobalSection
EndGlobal
